{
  "originHash" : "dabb8fdb89ff16d8403e84a6311a280006373eb7f9447fa9cefc8d62714d9f22",
  "pins" : [
    {
      "identity" : "alamofire",
      "kind" : "remoteSourceControl",
      "location" : "https://github.com/Alamofire/Alamofire",
      "state" : {
        "revision" : "f455c2975872ccd2d9c81594c658af65716e9b9a",
        "version" : "5.9.1"
      }
    },
    {
      "identity" : "rxswift",
      "kind" : "remoteSourceControl",
      "location" : "https://github.com/ReactiveX/RxSwift",
      "state" : {
        "revision" : "b06a8c8596e4c3e8e7788e08e720e3248563ce6a",
        "version" : "6.7.1"
      }
    },
    {
      "identity" : "snapkit",
      "kind" : "remoteSourceControl",
      "location" : "https://github.com/SnapKit/SnapKit",
      "state" : {
        "revision" : "2842e6e84e82eb9a8dac0100ca90d9444b0307f4",
        "version" : "5.7.1"
      }
    },
    {
      "identity" : "swiftsoup",
      "kind" : "remoteSourceControl",
      "location" : "https://github.com/scinfu/SwiftSoup",
      "state" : {
        "revision" : "e2d11208519549c2e5798d70190472045633f22f",
        "version" : "2.7.3"
      }
    },
    {
      "identity" : "then",
      "kind" : "remoteSourceControl",
      "location" : "https://github.com/devxoul/Then",
      "state" : {
        "revision" : "d41ef523faef0f911369f79c0b96815d9dbb6d7a",
        "version" : "3.0.0"
      }
    }
  ],
  "version" : 3
}
